
Microsoft Visual Studio Solution File, Format Version 12.00
# Visual Studio Version 17
VisualStudioVersion = 17.4.33110.190
MinimumVisualStudioVersion = 10.0.40219.1
Project("{FAE04EC0-301F-11D3-BF4B-00C04F79EFBC}") = "FootballScoresApi", "FootballScoresApi.csproj", "{47869D2A-495A-4C2A-89F0-7EA3779335EC}"
EndProject
Global
	GlobalSection(SolutionConfigurationPlatforms) = preSolution
		Debug|Any CPU = Debug|Any CPU
		Release|Any CPU = Release|Any CPU
	EndGlobalSection
	GlobalSection(ProjectConfigurationPlatforms) = postSolution
		{47869D2A-495A-4C2A-89F0-7EA3779335EC}.Debug|Any CPU.ActiveCfg = Debug|Any CPU
		{47869D2A-495A-4C2A-89F0-7EA3779335EC}.Debug|Any CPU.Build.0 = Debug|Any CPU
		{47869D2A-495A-4C2A-89F0-7EA3779335EC}.Release|Any CPU.ActiveCfg = Release|Any CPU
		{47869D2A-495A-4C2A-89F0-7EA3779335EC}.Release|Any CPU.Build.0 = Release|Any CPU
	EndGlobalSection
	GlobalSection(SolutionProperties) = preSolution
		HideSolutionNode = FALSE
	EndGlobalSection
	GlobalSection(ExtensibilityGlobals) = postSolution
		SolutionGuid = {C27A6537-BE8B-452E-A1F5-D8F569FE7B86}
	EndGlobalSection
EndGlobal
